<?xml version="1.0" encoding="utf-8"?>
<Project ToolsVersion="4.0" xmlns="http://schemas.microsoft.com/developer/msbuild/2003">
  <ItemGroup>
    <Filter Include="源文件">
      <UniqueIdentifier>{4FC737F1-C7A5-4376-A066-2A32D752A2FF}</UniqueIdentifier>
      <Extensions>cpp;c;cc;cxx;c++;cppm;ixx;def;odl;idl;hpj;bat;asm;asmx</Extensions>
    </Filter>
    <Filter Include="头文件">
      <UniqueIdentifier>{93995380-89BD-4b04-88EB-625FBE52EBFB}</UniqueIdentifier>
      <Extensions>h;hh;hpp;hxx;h++;hm;inl;inc;ipp;xsd</Extensions>
    </Filter>
    <Filter Include="资源文件">
      <UniqueIdentifier>{67DA6AB6-F800-4c08-8B7A-83BB121AAD01}</UniqueIdentifier>
      <Extensions>rc;ico;cur;bmp;dlg;rc2;rct;bin;rgs;gif;jpg;jpeg;jpe;resx;tiff;tif;png;wav;mfcribbon-ms</Extensions>
    </Filter>
    <Filter Include="GridCtrl">
      <UniqueIdentifier>{9a7bf93f-1870-4e78-922e-dce02621f4e4}</UniqueIdentifier>
    </Filter>
    <Filter Include="GridCtrl\CellTypes">
      <UniqueIdentifier>{d30e04e1-6dda-454b-9754-a33613d612bc}</UniqueIdentifier>
    </Filter>
    <Filter Include="TabCtrl">
      <UniqueIdentifier>{00bce076-495b-40d5-b877-3025d4a6d19e}</UniqueIdentifier>
    </Filter>
    <Filter Include="GridListCtrlEx">
      <UniqueIdentifier>{727d5faf-fcdb-4c04-8048-73a294aa253c}</UniqueIdentifier>
    </Filter>
    <Filter Include="MultiPaneCtrl">
      <UniqueIdentifier>{1b1e699a-3855-4781-a15f-455a49ce17e7}</UniqueIdentifier>
    </Filter>
    <Filter Include="OutlookTabCtrl">
      <UniqueIdentifier>{230ac977-7113-4df6-a5a4-3b406146c038}</UniqueIdentifier>
    </Filter>
    <Filter Include="PngAnimation">
      <UniqueIdentifier>{e2021bd1-a34d-4d55-b80f-6ea183f0995a}</UniqueIdentifier>
    </Filter>
    <Filter Include="SplitterCtrl">
      <UniqueIdentifier>{15649ca7-7b1d-484d-810f-722ae54b8fd2}</UniqueIdentifier>
    </Filter>
    <Filter Include="ToolBoxCtrl">
      <UniqueIdentifier>{e4dbda61-a47b-4819-a339-f0f15bfa09c7}</UniqueIdentifier>
    </Filter>
  </ItemGroup>
  <ItemGroup>
    <ClCompile Include="MFCToolkits.cpp">
      <Filter>源文件</Filter>
    </ClCompile>
    <ClCompile Include="dllmain.cpp">
      <Filter>源文件</Filter>
    </ClCompile>
    <ClCompile Include="pch.cpp">
      <Filter>源文件</Filter>
    </ClCompile>
    <ClCompile Include="TabCtrl\TabCtrl.cpp">
      <Filter>TabCtrl</Filter>
    </ClCompile>
    <ClCompile Include="GridCtrl\GridCell.cpp">
      <Filter>GridCtrl</Filter>
    </ClCompile>
    <ClCompile Include="GridCtrl\GridCellBase.cpp">
      <Filter>GridCtrl</Filter>
    </ClCompile>
    <ClCompile Include="GridCtrl\GridCtrl.cpp">
      <Filter>GridCtrl</Filter>
    </ClCompile>
    <ClCompile Include="GridCtrl\GridCtrlUtil.cpp">
      <Filter>GridCtrl</Filter>
    </ClCompile>
    <ClCompile Include="GridCtrl\GridDropTarget.cpp">
      <Filter>GridCtrl</Filter>
    </ClCompile>
    <ClCompile Include="GridCtrl\InPlaceEdit.cpp">
      <Filter>GridCtrl</Filter>
    </ClCompile>
    <ClCompile Include="GridCtrl\TitleTip.cpp">
      <Filter>GridCtrl</Filter>
    </ClCompile>
    <ClCompile Include="GridCtrl\CellTypes\GridCellButton.cpp">
      <Filter>GridCtrl\CellTypes</Filter>
    </ClCompile>
    <ClCompile Include="GridCtrl\CellTypes\GridCellCheck.cpp">
      <Filter>GridCtrl\CellTypes</Filter>
    </ClCompile>
    <ClCompile Include="GridCtrl\CellTypes\GridCellCombo.cpp">
      <Filter>GridCtrl\CellTypes</Filter>
    </ClCompile>
    <ClCompile Include="GridCtrl\CellTypes\GridCellDateTime.cpp">
      <Filter>GridCtrl\CellTypes</Filter>
    </ClCompile>
    <ClCompile Include="GridCtrl\CellTypes\GridCellGroup.cpp">
      <Filter>GridCtrl\CellTypes</Filter>
    </ClCompile>
    <ClCompile Include="GridCtrl\CellTypes\GridCellNumeric.cpp">
      <Filter>GridCtrl\CellTypes</Filter>
    </ClCompile>
    <ClCompile Include="GridCtrl\CellTypes\GridCellTerminal.cpp">
      <Filter>GridCtrl\CellTypes</Filter>
    </ClCompile>
    <ClCompile Include="GridCtrl\CellTypes\GridURLCell.cpp">
      <Filter>GridCtrl\CellTypes</Filter>
    </ClCompile>
    <ClCompile Include="GridListCtrlEx\CGridColumnTraitCombo.cpp">
      <Filter>GridListCtrlEx</Filter>
    </ClCompile>
    <ClCompile Include="GridListCtrlEx\CGridColumnTraitDateTime.cpp">
      <Filter>GridListCtrlEx</Filter>
    </ClCompile>
    <ClCompile Include="GridListCtrlEx\CGridColumnTraitEdit.cpp">
      <Filter>GridListCtrlEx</Filter>
    </ClCompile>
    <ClCompile Include="GridListCtrlEx\CGridColumnTraitHyperLink.cpp">
      <Filter>GridListCtrlEx</Filter>
    </ClCompile>
    <ClCompile Include="GridListCtrlEx\CGridColumnTraitImage.cpp">
      <Filter>GridListCtrlEx</Filter>
    </ClCompile>
    <ClCompile Include="GridListCtrlEx\CGridColumnTraitMultilineEdit.cpp">
      <Filter>GridListCtrlEx</Filter>
    </ClCompile>
    <ClCompile Include="GridListCtrlEx\CGridColumnTraitText.cpp">
      <Filter>GridListCtrlEx</Filter>
    </ClCompile>
    <ClCompile Include="GridListCtrlEx\CGridListCtrlEx.cpp">
      <Filter>GridListCtrlEx</Filter>
    </ClCompile>
    <ClCompile Include="GridListCtrlEx\CGridListCtrlGroups.cpp">
      <Filter>GridListCtrlEx</Filter>
    </ClCompile>
    <ClCompile Include="GridListCtrlEx\CGridRowTraitText.cpp">
      <Filter>GridListCtrlEx</Filter>
    </ClCompile>
    <ClCompile Include="GridListCtrlEx\CGridRowTraitXP.cpp">
      <Filter>GridListCtrlEx</Filter>
    </ClCompile>
    <ClCompile Include="GridListCtrlEx\ViewConfigSection.cpp">
      <Filter>GridListCtrlEx</Filter>
    </ClCompile>
    <ClCompile Include="MultiPaneCtrl\DockingMarkers.cpp">
      <Filter>MultiPaneCtrl</Filter>
    </ClCompile>
    <ClCompile Include="MultiPaneCtrl\MultiPaneCtrl.cpp">
      <Filter>MultiPaneCtrl</Filter>
    </ClCompile>
    <ClCompile Include="ToolBoxCtrl\ToolBoxCtrl.cpp">
      <Filter>ToolBoxCtrl</Filter>
    </ClCompile>
    <ClCompile Include="SplitterCtrl\SplitterCtrl.cpp">
      <Filter>SplitterCtrl</Filter>
    </ClCompile>
    <ClCompile Include="OutlookTabCtrl\OutlookTabCtrl.cpp">
      <Filter>OutlookTabCtrl</Filter>
    </ClCompile>
  </ItemGroup>
  <ItemGroup>
    <None Include="MFCToolkits.def">
      <Filter>源文件</Filter>
    </None>
    <None Include="res\MFCToolkits.rc2">
      <Filter>资源文件</Filter>
    </None>
  </ItemGroup>
  <ItemGroup>
    <ClInclude Include="framework.h">
      <Filter>头文件</Filter>
    </ClInclude>
    <ClInclude Include="targetver.h">
      <Filter>头文件</Filter>
    </ClInclude>
    <ClInclude Include="Resource.h">
      <Filter>头文件</Filter>
    </ClInclude>
    <ClInclude Include="pch.h">
      <Filter>头文件</Filter>
    </ClInclude>
    <ClInclude Include="GridCtrl\CellRange.h">
      <Filter>GridCtrl</Filter>
    </ClInclude>
    <ClInclude Include="GridCtrl\GridCell.h">
      <Filter>GridCtrl</Filter>
    </ClInclude>
    <ClInclude Include="GridCtrl\GridCellBase.h">
      <Filter>GridCtrl</Filter>
    </ClInclude>
    <ClInclude Include="GridCtrl\GridCtrl.h">
      <Filter>GridCtrl</Filter>
    </ClInclude>
    <ClInclude Include="GridCtrl\GridCtrlUtil.h">
      <Filter>GridCtrl</Filter>
    </ClInclude>
    <ClInclude Include="GridCtrl\InPlaceEdit.h">
      <Filter>GridCtrl</Filter>
    </ClInclude>
    <ClInclude Include="GridCtrl\MemDC.h">
      <Filter>GridCtrl</Filter>
    </ClInclude>
    <ClInclude Include="GridCtrl\TitleTip.h">
      <Filter>GridCtrl</Filter>
    </ClInclude>
    <ClInclude Include="GridCtrl\CellTypes\GridCellButton.h">
      <Filter>GridCtrl\CellTypes</Filter>
    </ClInclude>
    <ClInclude Include="GridCtrl\CellTypes\GridCellCheck.h">
      <Filter>GridCtrl\CellTypes</Filter>
    </ClInclude>
    <ClInclude Include="GridCtrl\CellTypes\GridCellCombo.h">
      <Filter>GridCtrl\CellTypes</Filter>
    </ClInclude>
    <ClInclude Include="GridCtrl\CellTypes\GridCellDateTime.h">
      <Filter>GridCtrl\CellTypes</Filter>
    </ClInclude>
    <ClInclude Include="GridCtrl\CellTypes\GridCellGroup.h">
      <Filter>GridCtrl\CellTypes</Filter>
    </ClInclude>
    <ClInclude Include="GridCtrl\CellTypes\GridCellNumeric.h">
      <Filter>GridCtrl\CellTypes</Filter>
    </ClInclude>
    <ClInclude Include="GridCtrl\CellTypes\GridCellTerminal.h">
      <Filter>GridCtrl\CellTypes</Filter>
    </ClInclude>
    <ClInclude Include="GridCtrl\CellTypes\GridURLCell.h">
      <Filter>GridCtrl\CellTypes</Filter>
    </ClInclude>
    <ClInclude Include="TabCtrl\TabCtrl.h">
      <Filter>TabCtrl</Filter>
    </ClInclude>
    <ClInclude Include="GridCtrl\GridDropTarget.h">
      <Filter>GridCtrl</Filter>
    </ClInclude>
    <ClInclude Include="GridListCtrlEx\CGridColumnTrait.h">
      <Filter>GridListCtrlEx</Filter>
    </ClInclude>
    <ClInclude Include="GridListCtrlEx\CGridColumnTraitCombo.h">
      <Filter>GridListCtrlEx</Filter>
    </ClInclude>
    <ClInclude Include="GridListCtrlEx\CGridColumnTraitDateTime.h">
      <Filter>GridListCtrlEx</Filter>
    </ClInclude>
    <ClInclude Include="GridListCtrlEx\CGridColumnTraitEdit.h">
      <Filter>GridListCtrlEx</Filter>
    </ClInclude>
    <ClInclude Include="GridListCtrlEx\CGridColumnTraitHyperLink.h">
      <Filter>GridListCtrlEx</Filter>
    </ClInclude>
    <ClInclude Include="GridListCtrlEx\CGridColumnTraitImage.h">
      <Filter>GridListCtrlEx</Filter>
    </ClInclude>
    <ClInclude Include="GridListCtrlEx\CGridColumnTraitMultilineEdit.h">
      <Filter>GridListCtrlEx</Filter>
    </ClInclude>
    <ClInclude Include="GridListCtrlEx\CGridColumnTraitText.h">
      <Filter>GridListCtrlEx</Filter>
    </ClInclude>
    <ClInclude Include="GridListCtrlEx\CGridColumnTraitVisitor.h">
      <Filter>GridListCtrlEx</Filter>
    </ClInclude>
    <ClInclude Include="GridListCtrlEx\CGridListCtrlEx.h">
      <Filter>GridListCtrlEx</Filter>
    </ClInclude>
    <ClInclude Include="GridListCtrlEx\CGridListCtrlGroups.h">
      <Filter>GridListCtrlEx</Filter>
    </ClInclude>
    <ClInclude Include="GridListCtrlEx\CGridRowTrait.h">
      <Filter>GridListCtrlEx</Filter>
    </ClInclude>
    <ClInclude Include="GridListCtrlEx\CGridRowTraitText.h">
      <Filter>GridListCtrlEx</Filter>
    </ClInclude>
    <ClInclude Include="GridListCtrlEx\CGridRowTraitVisitor.h">
      <Filter>GridListCtrlEx</Filter>
    </ClInclude>
    <ClInclude Include="GridListCtrlEx\CGridRowTraitXP.h">
      <Filter>GridListCtrlEx</Filter>
    </ClInclude>
    <ClInclude Include="GridListCtrlEx\ViewConfigSection.h">
      <Filter>GridListCtrlEx</Filter>
    </ClInclude>
    <ClInclude Include="MultiPaneCtrl\DockingMarkers.h">
      <Filter>MultiPaneCtrl</Filter>
    </ClInclude>
    <ClInclude Include="MultiPaneCtrl\MultiPaneCtrl.h">
      <Filter>MultiPaneCtrl</Filter>
    </ClInclude>
    <ClInclude Include="ToolBoxCtrl\ToolBoxCtrl.h">
      <Filter>ToolBoxCtrl</Filter>
    </ClInclude>
    <ClInclude Include="SplitterCtrl\SplitterCtrl.h">
      <Filter>SplitterCtrl</Filter>
    </ClInclude>
    <ClInclude Include="PngAnimation\PngAnimation.h">
      <Filter>PngAnimation</Filter>
    </ClInclude>
    <ClInclude Include="OutlookTabCtrl\OutlookTabCtrl.h">
      <Filter>OutlookTabCtrl</Filter>
    </ClInclude>
  </ItemGroup>
  <ItemGroup>
    <ResourceCompile Include="MFCToolkits.rc">
      <Filter>资源文件</Filter>
    </ResourceCompile>
  </ItemGroup>
</Project>